// !$*UTF8*$!
{
	archiveVersion = 1;
	classes = {
	};
	objectVersion = 46;
	objects = {

/* Begin PBXBuildFile section */
		6D8064141CA702DC00506C1B /* GCDBlackBox.swift in Sources */ = {isa = PBXBuildFile; fileRef = 6D8064131CA702DC00506C1B /* GCDBlackBox.swift */; };
		6D80641A1CA71A4F00506C1B /* LoginViewController.swift in Sources */ = {isa = PBXBuildFile; fileRef = 6D8064191CA71A4F00506C1B /* LoginViewController.swift */; };
		6D80641C1CA71EA400506C1B /* UAuthViewController.swift in Sources */ = {isa = PBXBuildFile; fileRef = 6D80641B1CA71EA400506C1B /* UAuthViewController.swift */; };
		6D80641E1CA71EB400506C1B /* UConvenience.swift in Sources */ = {isa = PBXBuildFile; fileRef = 6D80641D1CA71EB400506C1B /* UConvenience.swift */; };
		6D8064201CA71EBE00506C1B /* UConstants.swift in Sources */ = {isa = PBXBuildFile; fileRef = 6D80641F1CA71EBE00506C1B /* UConstants.swift */; };
		6D8064221CA71EC800506C1B /* UConfig.swift in Sources */ = {isa = PBXBuildFile; fileRef = 6D8064211CA71EC800506C1B /* UConfig.swift */; };
		6D8064241CA71EEA00506C1B /* UUser.swift in Sources */ = {isa = PBXBuildFile; fileRef = 6D8064231CA71EEA00506C1B /* UUser.swift */; };
		6D8064261CA7221000506C1B /* UClient.swift in Sources */ = {isa = PBXBuildFile; fileRef = 6D8064251CA7221000506C1B /* UClient.swift */; };
		6DF420E11CA0CF350087C093 /* AppDelegate.swift in Sources */ = {isa = PBXBuildFile; fileRef = 6DF420E01CA0CF350087C093 /* AppDelegate.swift */; };
		6DF420E31CA0CF350087C093 /* MapViewController.swift in Sources */ = {isa = PBXBuildFile; fileRef = 6DF420E21CA0CF350087C093 /* MapViewController.swift */; };
		6DF420E51CA0CF350087C093 /* ListViewController.swift in Sources */ = {isa = PBXBuildFile; fileRef = 6DF420E41CA0CF350087C093 /* ListViewController.swift */; };
		6DF420E81CA0CF350087C093 /* Main.storyboard in Resources */ = {isa = PBXBuildFile; fileRef = 6DF420E61CA0CF350087C093 /* Main.storyboard */; };
		6DF420EA1CA0CF350087C093 /* Assets.xcassets in Resources */ = {isa = PBXBuildFile; fileRef = 6DF420E91CA0CF350087C093 /* Assets.xcassets */; };
		6DF420ED1CA0CF350087C093 /* LaunchScreen.storyboard in Resources */ = {isa = PBXBuildFile; fileRef = 6DF420EB1CA0CF350087C093 /* LaunchScreen.storyboard */; };
/* End PBXBuildFile section */

/* Begin PBXFileReference section */
		6D8064131CA702DC00506C1B /* GCDBlackBox.swift */ = {isa = PBXFileReference; fileEncoding = 4; lastKnownFileType = sourcecode.swift; path = GCDBlackBox.swift; sourceTree = "<group>"; };
		6D8064191CA71A4F00506C1B /* LoginViewController.swift */ = {isa = PBXFileReference; fileEncoding = 4; lastKnownFileType = sourcecode.swift; path = LoginViewController.swift; sourceTree = "<group>"; };
		6D80641B1CA71EA400506C1B /* UAuthViewController.swift */ = {isa = PBXFileReference; fileEncoding = 4; lastKnownFileType = sourcecode.swift; path = UAuthViewController.swift; sourceTree = "<group>"; };
		6D80641D1CA71EB400506C1B /* UConvenience.swift */ = {isa = PBXFileReference; fileEncoding = 4; lastKnownFileType = sourcecode.swift; path = UConvenience.swift; sourceTree = "<group>"; };
		6D80641F1CA71EBE00506C1B /* UConstants.swift */ = {isa = PBXFileReference; fileEncoding = 4; lastKnownFileType = sourcecode.swift; path = UConstants.swift; sourceTree = "<group>"; };
		6D8064211CA71EC800506C1B /* UConfig.swift */ = {isa = PBXFileReference; fileEncoding = 4; lastKnownFileType = sourcecode.swift; path = UConfig.swift; sourceTree = "<group>"; };
		6D8064231CA71EEA00506C1B /* UUser.swift */ = {isa = PBXFileReference; fileEncoding = 4; lastKnownFileType = sourcecode.swift; path = UUser.swift; sourceTree = "<group>"; };
		6D8064251CA7221000506C1B /* UClient.swift */ = {isa = PBXFileReference; fileEncoding = 4; lastKnownFileType = sourcecode.swift; path = UClient.swift; sourceTree = "<group>"; };
		6DF420DD1CA0CF350087C093 /* OnTheMap.app */ = {isa = PBXFileReference; explicitFileType = wrapper.application; includeInIndex = 0; path = OnTheMap.app; sourceTree = BUILT_PRODUCTS_DIR; };
		6DF420E01CA0CF350087C093 /* AppDelegate.swift */ = {isa = PBXFileReference; lastKnownFileType = sourcecode.swift; path = AppDelegate.swift; sourceTree = "<group>"; };
		6DF420E21CA0CF350087C093 /* MapViewController.swift */ = {isa = PBXFileReference; lastKnownFileType = sourcecode.swift; path = MapViewController.swift; sourceTree = "<group>"; };
		6DF420E41CA0CF350087C093 /* ListViewController.swift */ = {isa = PBXFileReference; lastKnownFileType = sourcecode.swift; path = ListViewController.swift; sourceTree = "<group>"; };
		6DF420E71CA0CF350087C093 /* Base */ = {isa = PBXFileReference; lastKnownFileType = file.storyboard; name = Base; path = Base.lproj/Main.storyboard; sourceTree = "<group>"; };
		6DF420E91CA0CF350087C093 /* Assets.xcassets */ = {isa = PBXFileReference; lastKnownFileType = folder.assetcatalog; path = Assets.xcassets; sourceTree = "<group>"; };
		6DF420EC1CA0CF350087C093 /* Base */ = {isa = PBXFileReference; lastKnownFileType = file.storyboard; name = Base; path = Base.lproj/LaunchScreen.storyboard; sourceTree = "<group>"; };
		6DF420EE1CA0CF350087C093 /* Info.plist */ = {isa = PBXFileReference; lastKnownFileType = text.plist.xml; path = Info.plist; sourceTree = "<group>"; };
/* End PBXFileReference section */

/* Begin PBXFrameworksBuildPhase section */
		6DF420DA1CA0CF350087C093 /* Frameworks */ = {
			isa = PBXFrameworksBuildPhase;
			buildActionMask = 2147483647;
			files = (
			);
			runOnlyForDeploymentPostprocessing = 0;
		};
/* End PBXFrameworksBuildPhase section */

/* Begin PBXGroup section */
		6D2C5B671CAD913E0047AB7B /* Parse */ = {
			isa = PBXGroup;
			children = (
			);
			name = Parse;
			sourceTree = "<group>";
		};
		6D8064101CA7029F00506C1B /* Model */ = {
			isa = PBXGroup;
			children = (
				6D8064111CA702A800506C1B /* Clients */,
			);
			name = Model;
			sourceTree = "<group>";
		};
		6D8064111CA702A800506C1B /* Clients */ = {
			isa = PBXGroup;
			children = (
				6D2C5B671CAD913E0047AB7B /* Parse */,
				6D8064121CA702B200506C1B /* Udacity */,
			);
			name = Clients;
			sourceTree = "<group>";
		};
		6D8064121CA702B200506C1B /* Udacity */ = {
			isa = PBXGroup;
			children = (
				6D80641B1CA71EA400506C1B /* UAuthViewController.swift */,
				6D80641D1CA71EB400506C1B /* UConvenience.swift */,
				6D8064251CA7221000506C1B /* UClient.swift */,
				6D80641F1CA71EBE00506C1B /* UConstants.swift */,
				6D8064211CA71EC800506C1B /* UConfig.swift */,
				6D8064231CA71EEA00506C1B /* UUser.swift */,
			);
			name = Udacity;
			sourceTree = "<group>";
		};
		6D8064151CA702F800506C1B /* View */ = {
			isa = PBXGroup;
			children = (
			);
			name = View;
			sourceTree = "<group>";
		};
		6D8064161CA719CA00506C1B /* Controller */ = {
			isa = PBXGroup;
			children = (
				6D8064191CA71A4F00506C1B /* LoginViewController.swift */,
				6DF420E21CA0CF350087C093 /* MapViewController.swift */,
				6DF420E41CA0CF350087C093 /* ListViewController.swift */,
			);
			name = Controller;
			sourceTree = "<group>";
		};
		6D8064171CA719D500506C1B /* Supporting Files */ = {
			isa = PBXGroup;
			children = (
				6DF420EE1CA0CF350087C093 /* Info.plist */,
			);
			name = "Supporting Files";
			sourceTree = "<group>";
		};
		6D8064181CA719DF00506C1B /* Assets */ = {
			isa = PBXGroup;
			children = (
				6DF420E91CA0CF350087C093 /* Assets.xcassets */,
				6DF420E61CA0CF350087C093 /* Main.storyboard */,
				6DF420EB1CA0CF350087C093 /* LaunchScreen.storyboard */,
			);
			name = Assets;
			sourceTree = "<group>";
		};
		6DF420D41CA0CF350087C093 = {
			isa = PBXGroup;
			children = (
				6DF420DF1CA0CF350087C093 /* OnTheMap */,
				6DF420DE1CA0CF350087C093 /* Products */,
			);
			sourceTree = "<group>";
		};
		6DF420DE1CA0CF350087C093 /* Products */ = {
			isa = PBXGroup;
			children = (
				6DF420DD1CA0CF350087C093 /* OnTheMap.app */,
			);
			name = Products;
			sourceTree = "<group>";
		};
		6DF420DF1CA0CF350087C093 /* OnTheMap */ = {
			isa = PBXGroup;
			children = (
				6DF420E01CA0CF350087C093 /* AppDelegate.swift */,
				6D8064131CA702DC00506C1B /* GCDBlackBox.swift */,
				6D8064101CA7029F00506C1B /* Model */,
				6D8064151CA702F800506C1B /* View */,
				6D8064161CA719CA00506C1B /* Controller */,
				6D8064181CA719DF00506C1B /* Assets */,
				6D8064171CA719D500506C1B /* Supporting Files */,
			);
			path = OnTheMap;
			sourceTree = "<group>";
		};
/* End PBXGroup section */

/* Begin PBXNativeTarget section */
		6DF420DC1CA0CF350087C093 /* OnTheMap */ = {
			isa = PBXNativeTarget;
			buildConfigurationList = 6DF420F11CA0CF350087C093 /* Build configuration list for PBXNativeTarget "OnTheMap" */;
			buildPhases = (
				6DF420D91CA0CF350087C093 /* Sources */,
				6DF420DA1CA0CF350087C093 /* Frameworks */,
				6DF420DB1CA0CF350087C093 /* Resources */,
			);
			buildRules = (
			);
			dependencies = (
			);
			name = OnTheMap;
			productName = OnTheMap;
			productReference = 6DF420DD1CA0CF350087C093 /* OnTheMap.app */;
			productType = "com.apple.product-type.application";
		};
/* End PBXNativeTarget section */

/* Begin PBXProject section */
		6DF420D51CA0CF350087C093 /* Project object */ = {
			isa = PBXProject;
			attributes = {
				LastSwiftUpdateCheck = 0720;
				LastUpgradeCheck = 0720;
				ORGANIZATIONNAME = "Jacqueline Sloves";
				TargetAttributes = {
					6DF420DC1CA0CF350087C093 = {
						CreatedOnToolsVersion = 7.2.1;
					};
				};
			};
			buildConfigurationList = 6DF420D81CA0CF350087C093 /* Build configuration list for PBXProject "OnTheMap" */;
			compatibilityVersion = "Xcode 3.2";
			developmentRegion = English;
			hasScannedForEncodings = 0;
			knownRegions = (
				en,
				Base,
			);
			mainGroup = 6DF420D41CA0CF350087C093;
			productRefGroup = 6DF420DE1CA0CF350087C093 /* Products */;
			projectDirPath = "";
			projectRoot = "";
			targets = (
				6DF420DC1CA0CF350087C093 /* OnTheMap */,
			);
		};
/* End PBXProject section */

/* Begin PBXResourcesBuildPhase section */
		6DF420DB1CA0CF350087C093 /* Resources */ = {
			isa = PBXResourcesBuildPhase;
			buildActionMask = 2147483647;
			files = (
				6DF420ED1CA0CF350087C093 /* LaunchScreen.storyboard in Resources */,
				6DF420EA1CA0CF350087C093 /* Assets.xcassets in Resources */,
				6DF420E81CA0CF350087C093 /* Main.storyboard in Resources */,
			);
			runOnlyForDeploymentPostprocessing = 0;
		};
/* End PBXResourcesBuildPhase section */

/* Begin PBXSourcesBuildPhase section */
		6DF420D91CA0CF350087C093 /* Sources */ = {
			isa = PBXSourcesBuildPhase;
			buildActionMask = 2147483647;
			files = (
				6D80641C1CA71EA400506C1B /* UAuthViewController.swift in Sources */,
				6D8064141CA702DC00506C1B /* GCDBlackBox.swift in Sources */,
				6DF420E51CA0CF350087C093 /* ListViewController.swift in Sources */,
				6DF420E11CA0CF350087C093 /* AppDelegate.swift in Sources */,
				6D80641A1CA71A4F00506C1B /* LoginViewController.swift in Sources */,
				6D8064221CA71EC800506C1B /* UConfig.swift in Sources */,
				6D8064201CA71EBE00506C1B /* UConstants.swift in Sources */,
				6D80641E1CA71EB400506C1B /* UConvenience.swift in Sources */,
				6D8064261CA7221000506C1B /* UClient.swift in Sources */,
				6D8064241CA71EEA00506C1B /* UUser.swift in Sources */,
				6DF420E31CA0CF350087C093 /* MapViewController.swift in Sources */,
			);
			runOnlyForDeploymentPostprocessing = 0;
		};
/* End PBXSourcesBuildPhase section */

/* Begin PBXVariantGroup section */
		6DF420E61CA0CF350087C093 /* Main.storyboard */ = {
			isa = PBXVariantGroup;
			children = (
				6DF420E71CA0CF350087C093 /* Base */,
			);
			name = Main.storyboard;
			sourceTree = "<group>";
		};
		6DF420EB1CA0CF350087C093 /* LaunchScreen.storyboard */ = {
			isa = PBXVariantGroup;
			children = (
				6DF420EC1CA0CF350087C093 /* Base */,
			);
			name = LaunchScreen.storyboard;
			sourceTree = "<group>";
		};
/* End PBXVariantGroup section */

/* Begin XCBuildConfiguration section */
		6DF420EF1CA0CF350087C093 /* Debug */ = {
			isa = XCBuildConfiguration;
			buildSettings = {
				ALWAYS_SEARCH_USER_PATHS = NO;
				CLANG_CXX_LANGUAGE_STANDARD = "gnu++0x";
				CLANG_CXX_LIBRARY = "libc++";
				CLANG_ENABLE_MODULES = YES;
				CLANG_ENABLE_OBJC_ARC = YES;
				CLANG_WARN_BOOL_CONVERSION = YES;
				CLANG_WARN_CONSTANT_CONVERSION = YES;
				CLANG_WARN_DIRECT_OBJC_ISA_USAGE = YES_ERROR;
				CLANG_WARN_EMPTY_BODY = YES;
				CLANG_WARN_ENUM_CONVERSION = YES;
				CLANG_WARN_INT_CONVERSION = YES;
				CLANG_WARN_OBJC_ROOT_CLASS = YES_ERROR;
				CLANG_WARN_UNREACHABLE_CODE = YES;
				CLANG_WARN__DUPLICATE_METHOD_MATCH = YES;
				"CODE_SIGN_IDENTITY[sdk=iphoneos*]" = "iPhone Developer";
				COPY_PHASE_STRIP = NO;
				DEBUG_INFORMATION_FORMAT = dwarf;
				ENABLE_STRICT_OBJC_MSGSEND = YES;
				ENABLE_TESTABILITY = YES;
				GCC_C_LANGUAGE_STANDARD = gnu99;
				GCC_DYNAMIC_NO_PIC = NO;
				GCC_NO_COMMON_BLOCKS = YES;
				GCC_OPTIMIZATION_LEVEL = 0;
				GCC_PREPROCESSOR_DEFINITIONS = (
					"DEBUG=1",
					"$(inherited)",
				);
				GCC_WARN_64_TO_32_BIT_CONVERSION = YES;
				GCC_WARN_ABOUT_RETURN_TYPE = YES_ERROR;
				GCC_WARN_UNDECLARED_SELECTOR = YES;
				GCC_WARN_UNINITIALIZED_AUTOS = YES_AGGRESSIVE;
				GCC_WARN_UNUSED_FUNCTION = YES;
				GCC_WARN_UNUSED_VARIABLE = YES;
				IPHONEOS_DEPLOYMENT_TARGET = 9.2;
				MTL_ENABLE_DEBUG_INFO = YES;
				ONLY_ACTIVE_ARCH = YES;
				SDKROOT = iphoneos;
				SWIFT_OPTIMIZATION_LEVEL = "-Onone";
				TARGETED_DEVICE_FAMILY = "1,2";
			};
			name = Debug;
		};
		6DF420F01CA0CF350087C093 /* Release */ = {
			isa = XCBuildConfiguration;
			buildSettings = {
				ALWAYS_SEARCH_USER_PATHS = NO;
				CLANG_CXX_LANGUAGE_STANDARD = "gnu++0x";
				CLANG_CXX_LIBRARY = "libc++";
				CLANG_ENABLE_MODULES = YES;
				CLANG_ENABLE_OBJC_ARC = YES;
				CLANG_WARN_BOOL_CONVERSION = YES;
				CLANG_WARN_CONSTANT_CONVERSION = YES;
				CLANG_WARN_DIRECT_OBJC_ISA_USAGE = YES_ERROR;
				CLANG_WARN_EMPTY_BODY = YES;
				CLANG_WARN_ENUM_CONVERSION = YES;
				CLANG_WARN_INT_CONVERSION = YES;
				CLANG_WARN_OBJC_ROOT_CLASS = YES_ERROR;
				CLANG_WARN_UNREACHABLE_CODE = YES;
				CLANG_WARN__DUPLICATE_METHOD_MATCH = YES;
				"CODE_SIGN_IDENTITY[sdk=iphoneos*]" = "iPhone Developer";
				COPY_PHASE_STRIP = NO;
				DEBUG_INFORMATION_FORMAT = "dwarf-with-dsym";
				ENABLE_NS_ASSERTIONS = NO;
				ENABLE_STRICT_OBJC_MSGSEND = YES;
				GCC_C_LANGUAGE_STANDARD = gnu99;
				GCC_NO_COMMON_BLOCKS = YES;
				GCC_WARN_64_TO_32_BIT_CONVERSION = YES;
				GCC_WARN_ABOUT_RETURN_TYPE = YES_ERROR;
				GCC_WARN_UNDECLARED_SELECTOR = YES;
				GCC_WARN_UNINITIALIZED_AUTOS = YES_AGGRESSIVE;
				GCC_WARN_UNUSED_FUNCTION = YES;
				GCC_WARN_UNUSED_VARIABLE = YES;
				IPHONEOS_DEPLOYMENT_TARGET = 9.2;
				MTL_ENABLE_DEBUG_INFO = NO;
				SDKROOT = iphoneos;
				TARGETED_DEVICE_FAMILY = "1,2";
				VALIDATE_PRODUCT = YES;
			};
			name = Release;
		};
		6DF420F21CA0CF350087C093 /* Debug */ = {
			isa = XCBuildConfiguration;
			buildSettings = {
				ASSETCATALOG_COMPILER_APPICON_NAME = AppIcon;
				INFOPLIST_FILE = OnTheMap/Info.plist;
				LD_RUNPATH_SEARCH_PATHS = "$(inherited) @executable_path/Frameworks";
				PRODUCT_BUNDLE_IDENTIFIER = com.jsloves.OnTheMap;
				PRODUCT_NAME = "$(TARGET_NAME)";
			};
			name = Debug;
		};
		6DF420F31CA0CF350087C093 /* Release */ = {
			isa = XCBuildConfiguration;
			buildSettings = {
				ASSETCATALOG_COMPILER_APPICON_NAME = AppIcon;
				INFOPLIST_FILE = OnTheMap/Info.plist;
				LD_RUNPATH_SEARCH_PATHS = "$(inherited) @executable_path/Frameworks";
				PRODUCT_BUNDLE_IDENTIFIER = com.jsloves.OnTheMap;
				PRODUCT_NAME = "$(TARGET_NAME)";
			};
			name = Release;
		};
/* End XCBuildConfiguration section */

/* Begin XCConfigurationList section */
		6DF420D81CA0CF350087C093 /* Build configuration list for PBXProject "OnTheMap" */ = {
			isa = XCConfigurationList;
			buildConfigurations = (
				6DF420EF1CA0CF350087C093 /* Debug */,
				6DF420F01CA0CF350087C093 /* Release */,
			);
			defaultConfigurationIsVisible = 0;
			defaultConfigurationName = Release;
		};
		6DF420F11CA0CF350087C093 /* Build configuration list for PBXNativeTarget "OnTheMap" */ = {
			isa = XCConfigurationList;
			buildConfigurations = (
				6DF420F21CA0CF350087C093 /* Debug */,
				6DF420F31CA0CF350087C093 /* Release */,
			);
			defaultConfigurationIsVisible = 0;
			defaultConfigurationName = Release;
		};
/* End XCConfigurationList section */
	};
	rootObject = 6DF420D51CA0CF350087C093 /* Project object */;
}
